
Microsoft Visual Studio Solution File, Format Version 12.00
# Visual Studio Version 16
VisualStudioVersion = 25.0.1706.5
MinimumVisualStudioVersion = 10.0.40219.1
Project("{FAE04EC0-301F-11D3-BF4B-00C04F79EFBC}") = "ASP.NET-CHMNU", "ASP.NET-CHMNU\ASP.NET-CHMNU.csproj", "{64BC4833-078B-42D1-80C9-1D5AEF8748DE}"
EndProject
Global
	GlobalSection(SolutionConfigurationPlatforms) = preSolution
		Debug|Any CPU = Debug|Any CPU
		Release|Any CPU = Release|Any CPU
	EndGlobalSection
	GlobalSection(ProjectConfigurationPlatforms) = postSolution
		{64BC4833-078B-42D1-80C9-1D5AEF8748DE}.Debug|Any CPU.ActiveCfg = Debug|Any CPU
		{64BC4833-078B-42D1-80C9-1D5AEF8748DE}.Debug|Any CPU.Build.0 = Debug|Any CPU
		{64BC4833-078B-42D1-80C9-1D5AEF8748DE}.Release|Any CPU.ActiveCfg = Release|Any CPU
		{64BC4833-078B-42D1-80C9-1D5AEF8748DE}.Release|Any CPU.Build.0 = Release|Any CPU
	EndGlobalSection
	GlobalSection(SolutionProperties) = preSolution
		HideSolutionNode = FALSE
	EndGlobalSection
	GlobalSection(ExtensibilityGlobals) = postSolution
		SolutionGuid = {2F1D8E2F-3D07-4A81-A3CF-9CFADD1789F2}
	EndGlobalSection
EndGlobal
